
Microsoft Visual Studio Solution File, Format Version 12.00
Project("{FAE04EC0-301F-11D3-BF4B-00C04F79EFBC}") = "OMNE.Workspace", "src\OMNE.Workspace\OMNE.Workspace.csproj", "{A1356247-BF70-431A-8B92-6F335E53A870}"
EndProject
Global
	GlobalSection(SolutionConfigurationPlatforms) = preSolution
		Debug|Any CPU = Debug|Any CPU
		Release|Any CPU = Release|Any CPU
	EndGlobalSection
	GlobalSection(ProjectConfigurationPlatforms) = postSolution
		{A1356247-BF70-431A-8B92-6F335E53A870}.Debug|Any CPU.ActiveCfg = Debug|Any CPU
		{A1356247-BF70-431A-8B92-6F335E53A870}.Debug|Any CPU.Build.0 = Debug|Any CPU
		{A1356247-BF70-431A-8B92-6F335E53A870}.Release|Any CPU.ActiveCfg = Release|Any CPU
		{A1356247-BF70-431A-8B92-6F335E53A870}.Release|Any CPU.Build.0 = Release|Any CPU
	EndGlobalSection
EndGlobal
