
Microsoft Visual Studio Solution File, Format Version 12.00
Project("{FAE04EC0-301F-11D3-BF4B-00C04F79EFBC}") = "OMNE.Workspace", "src\OMNE.Workspace\OMNE.Workspace.csproj", "{A1356247-BF70-431A-8B92-6F335E53A870}"
EndProject
Project("{FAE04EC0-301F-11D3-BF4B-00C04F79EFBC}") = "OMNE.Data", "src\OMNE.Data\OMNE.Data.csproj", "{BEAC07AF-99CC-4E77-A13F-E3500A757F4C}"
EndProject
Project("{FAE04EC0-301F-11D3-BF4B-00C04F79EFBC}") = "OMNE.Api", "apps\OMNE.Api\OMNE.Api.csproj", "{E78A3E05-5F29-4C53-8466-6CD20FC70888}"
EndProject
Project("{FAE04EC0-301F-11D3-BF4B-00C04F79EFBC}") = "OMNE.Host", "apps\OMNE.Host\OMNE.Host.csproj", "{640B1068-D06D-4FBA-9668-C769B4979901}"
EndProject
Project("{FAE04EC0-301F-11D3-BF4B-00C04F79EFBC}") = "OMNE.Postgres", "src\OMNE.Postgres\OMNE.Postgres.csproj", "{8F54E242-3295-480B-B889-91D718A08FD3}"
EndProject
Project("{FAE04EC0-301F-11D3-BF4B-00C04F79EFBC}") = "OMNE.EFCore", "src\OMNE.EFCore\OMNE.EFCore.csproj", "{679CEC7B-304D-4DCA-9CA0-7054441EE954}"
EndProject
Project("{FAE04EC0-301F-11D3-BF4B-00C04F79EFBC}") = "OMNE.Model", "src\OMNE.Model\OMNE.Model.csproj", "{1E17E040-B144-4018-B995-249203B9452D}"
EndProject
Project("{FAE04EC0-301F-11D3-BF4B-00C04F79EFBC}") = "OMNE.Sdk", "src\OMNE.Sdk\OMNE.Sdk.csproj", "{EF295973-EB80-472F-9EC8-C51B35E4DE9A}"
EndProject
Project("{FAE04EC0-301F-11D3-BF4B-00C04F79EFBC}") = "OMNE.Web", "apps\OMNE.Web\OMNE.Web.csproj", "{817C013E-5F92-43A2-89EB-33A8D949F785}"
EndProject
Project("{FAE04EC0-301F-11D3-BF4B-00C04F79EFBC}") = "OMNE.ServiceDefaults", "src\OMNE.ServiceDefaults\OMNE.ServiceDefaults.csproj", "{F4453B33-7F33-42A2-B7E9-EB9D9033F362}"
EndProject
Project("{FAE04EC0-301F-11D3-BF4B-00C04F79EFBC}") = "OMNE.Api.Tests", "test\OMNE.Api.Tests\OMNE.Api.Tests.csproj", "{F1EC9478-99A6-454E-8597-DD7919B5ED16}"
EndProject
Global
	GlobalSection(SolutionConfigurationPlatforms) = preSolution
		Debug|Any CPU = Debug|Any CPU
		Release|Any CPU = Release|Any CPU
	EndGlobalSection
	GlobalSection(ProjectConfigurationPlatforms) = postSolution
		{A1356247-BF70-431A-8B92-6F335E53A870}.Debug|Any CPU.ActiveCfg = Debug|Any CPU
		{A1356247-BF70-431A-8B92-6F335E53A870}.Debug|Any CPU.Build.0 = Debug|Any CPU
		{A1356247-BF70-431A-8B92-6F335E53A870}.Release|Any CPU.ActiveCfg = Release|Any CPU
		{A1356247-BF70-431A-8B92-6F335E53A870}.Release|Any CPU.Build.0 = Release|Any CPU
		{BEAC07AF-99CC-4E77-A13F-E3500A757F4C}.Debug|Any CPU.ActiveCfg = Debug|Any CPU
		{BEAC07AF-99CC-4E77-A13F-E3500A757F4C}.Debug|Any CPU.Build.0 = Debug|Any CPU
		{BEAC07AF-99CC-4E77-A13F-E3500A757F4C}.Release|Any CPU.ActiveCfg = Release|Any CPU
		{BEAC07AF-99CC-4E77-A13F-E3500A757F4C}.Release|Any CPU.Build.0 = Release|Any CPU
		{E78A3E05-5F29-4C53-8466-6CD20FC70888}.Debug|Any CPU.ActiveCfg = Debug|Any CPU
		{E78A3E05-5F29-4C53-8466-6CD20FC70888}.Debug|Any CPU.Build.0 = Debug|Any CPU
		{E78A3E05-5F29-4C53-8466-6CD20FC70888}.Release|Any CPU.ActiveCfg = Release|Any CPU
		{E78A3E05-5F29-4C53-8466-6CD20FC70888}.Release|Any CPU.Build.0 = Release|Any CPU
		{640B1068-D06D-4FBA-9668-C769B4979901}.Debug|Any CPU.ActiveCfg = Debug|Any CPU
		{640B1068-D06D-4FBA-9668-C769B4979901}.Debug|Any CPU.Build.0 = Debug|Any CPU
		{640B1068-D06D-4FBA-9668-C769B4979901}.Release|Any CPU.ActiveCfg = Release|Any CPU
		{640B1068-D06D-4FBA-9668-C769B4979901}.Release|Any CPU.Build.0 = Release|Any CPU
		{8F54E242-3295-480B-B889-91D718A08FD3}.Debug|Any CPU.ActiveCfg = Debug|Any CPU
		{8F54E242-3295-480B-B889-91D718A08FD3}.Debug|Any CPU.Build.0 = Debug|Any CPU
		{8F54E242-3295-480B-B889-91D718A08FD3}.Release|Any CPU.ActiveCfg = Release|Any CPU
		{8F54E242-3295-480B-B889-91D718A08FD3}.Release|Any CPU.Build.0 = Release|Any CPU
		{679CEC7B-304D-4DCA-9CA0-7054441EE954}.Debug|Any CPU.ActiveCfg = Debug|Any CPU
		{679CEC7B-304D-4DCA-9CA0-7054441EE954}.Debug|Any CPU.Build.0 = Debug|Any CPU
		{679CEC7B-304D-4DCA-9CA0-7054441EE954}.Release|Any CPU.ActiveCfg = Release|Any CPU
		{679CEC7B-304D-4DCA-9CA0-7054441EE954}.Release|Any CPU.Build.0 = Release|Any CPU
		{1E17E040-B144-4018-B995-249203B9452D}.Debug|Any CPU.ActiveCfg = Debug|Any CPU
		{1E17E040-B144-4018-B995-249203B9452D}.Debug|Any CPU.Build.0 = Debug|Any CPU
		{1E17E040-B144-4018-B995-249203B9452D}.Release|Any CPU.ActiveCfg = Release|Any CPU
		{1E17E040-B144-4018-B995-249203B9452D}.Release|Any CPU.Build.0 = Release|Any CPU
		{EF295973-EB80-472F-9EC8-C51B35E4DE9A}.Debug|Any CPU.ActiveCfg = Debug|Any CPU
		{EF295973-EB80-472F-9EC8-C51B35E4DE9A}.Debug|Any CPU.Build.0 = Debug|Any CPU
		{EF295973-EB80-472F-9EC8-C51B35E4DE9A}.Release|Any CPU.ActiveCfg = Release|Any CPU
		{EF295973-EB80-472F-9EC8-C51B35E4DE9A}.Release|Any CPU.Build.0 = Release|Any CPU
		{817C013E-5F92-43A2-89EB-33A8D949F785}.Debug|Any CPU.ActiveCfg = Debug|Any CPU
		{817C013E-5F92-43A2-89EB-33A8D949F785}.Debug|Any CPU.Build.0 = Debug|Any CPU
		{817C013E-5F92-43A2-89EB-33A8D949F785}.Release|Any CPU.ActiveCfg = Release|Any CPU
		{817C013E-5F92-43A2-89EB-33A8D949F785}.Release|Any CPU.Build.0 = Release|Any CPU
		{F4453B33-7F33-42A2-B7E9-EB9D9033F362}.Debug|Any CPU.ActiveCfg = Debug|Any CPU
		{F4453B33-7F33-42A2-B7E9-EB9D9033F362}.Debug|Any CPU.Build.0 = Debug|Any CPU
		{F4453B33-7F33-42A2-B7E9-EB9D9033F362}.Release|Any CPU.ActiveCfg = Release|Any CPU
		{F4453B33-7F33-42A2-B7E9-EB9D9033F362}.Release|Any CPU.Build.0 = Release|Any CPU
		{F1EC9478-99A6-454E-8597-DD7919B5ED16}.Debug|Any CPU.ActiveCfg = Debug|Any CPU
		{F1EC9478-99A6-454E-8597-DD7919B5ED16}.Debug|Any CPU.Build.0 = Debug|Any CPU
		{F1EC9478-99A6-454E-8597-DD7919B5ED16}.Release|Any CPU.ActiveCfg = Release|Any CPU
		{F1EC9478-99A6-454E-8597-DD7919B5ED16}.Release|Any CPU.Build.0 = Release|Any CPU
	EndGlobalSection
EndGlobal
